
Microsoft Visual Studio Solution File, Format Version 12.00
# Visual Studio Version 18
VisualStudioVersion = 18.8.11904.113 insiders
MinimumVisualStudioVersion = 10.0.40219.1
Project("{FAE04EC0-301F-11D3-BF4B-00C04F79EFBC}") = "KonkursiZaPosaoServis", "KonkursiZaPosaoServis\KonkursiZaPosaoServis.csproj", "{CEE6B4A8-AA04-46AD-A248-B6B4046030E9}"
EndProject
Global
	GlobalSection(SolutionConfigurationPlatforms) = preSolution
		Debug|Any CPU = Debug|Any CPU
		Release|Any CPU = Release|Any CPU
	EndGlobalSection
	GlobalSection(ProjectConfigurationPlatforms) = postSolution
		{CEE6B4A8-AA04-46AD-A248-B6B4046030E9}.Debug|Any CPU.ActiveCfg = Debug|Any CPU
		{CEE6B4A8-AA04-46AD-A248-B6B4046030E9}.Debug|Any CPU.Build.0 = Debug|Any CPU
		{CEE6B4A8-AA04-46AD-A248-B6B4046030E9}.Release|Any CPU.ActiveCfg = Release|Any CPU
		{CEE6B4A8-AA04-46AD-A248-B6B4046030E9}.Release|Any CPU.Build.0 = Release|Any CPU
	EndGlobalSection
	GlobalSection(SolutionProperties) = preSolution
		HideSolutionNode = FALSE
	EndGlobalSection
	GlobalSection(ExtensibilityGlobals) = postSolution
		SolutionGuid = {C6D2DEA1-9031-4D43-97C4-8B21F05B1FB8}
	EndGlobalSection
EndGlobal
