
Microsoft Visual Studio Solution File, Format Version 12.00
# Visual Studio Version 18
VisualStudioVersion = 18.8.11904.113
MinimumVisualStudioVersion = 10.0.40219.1
Project("{FAE04EC0-301F-11D3-BF4B-00C04F79EFBC}") = "KadrovskiPodaci", "..\..\3_SlojServisa\WebServis\KadrovskiPodaci\KadrovskiPodaci\KadrovskiPodaci.csproj", "{0C5543AD-A906-41C7-BEFC-454BD49849A2}"
EndProject
Project("{FAE04EC0-301F-11D3-BF4B-00C04F79EFBC}") = "KonkursiZaPosaoMVC", "KonkursiZaPosaoMVC\KonkursiZaPosaoMVC.csproj", "{E4D03DF3-EDB1-4281-92B7-3291F0D0FFB8}"
EndProject
Project("{FAE04EC0-301F-11D3-BF4B-00C04F79EFBC}") = "PoslovnaLogika", "..\..\2_SlojPoslovneLogike\PoslovnaLogika\PoslovnaLogika\PoslovnaLogika.csproj", "{6E1E6C15-41E1-4AF7-AA73-B88A86A7FECF}"
EndProject
Global
	GlobalSection(SolutionConfigurationPlatforms) = preSolution
		Debug|Any CPU = Debug|Any CPU
		Release|Any CPU = Release|Any CPU
	EndGlobalSection
	GlobalSection(ProjectConfigurationPlatforms) = postSolution
		{0C5543AD-A906-41C7-BEFC-454BD49849A2}.Debug|Any CPU.ActiveCfg = Debug|Any CPU
		{0C5543AD-A906-41C7-BEFC-454BD49849A2}.Debug|Any CPU.Build.0 = Debug|Any CPU
		{0C5543AD-A906-41C7-BEFC-454BD49849A2}.Release|Any CPU.ActiveCfg = Release|Any CPU
		{0C5543AD-A906-41C7-BEFC-454BD49849A2}.Release|Any CPU.Build.0 = Release|Any CPU
		{E4D03DF3-EDB1-4281-92B7-3291F0D0FFB8}.Debug|Any CPU.ActiveCfg = Debug|Any CPU
		{E4D03DF3-EDB1-4281-92B7-3291F0D0FFB8}.Debug|Any CPU.Build.0 = Debug|Any CPU
		{E4D03DF3-EDB1-4281-92B7-3291F0D0FFB8}.Release|Any CPU.ActiveCfg = Release|Any CPU
		{E4D03DF3-EDB1-4281-92B7-3291F0D0FFB8}.Release|Any CPU.Build.0 = Release|Any CPU
		{6E1E6C15-41E1-4AF7-AA73-B88A86A7FECF}.Debug|Any CPU.ActiveCfg = Debug|Any CPU
		{6E1E6C15-41E1-4AF7-AA73-B88A86A7FECF}.Debug|Any CPU.Build.0 = Debug|Any CPU
		{6E1E6C15-41E1-4AF7-AA73-B88A86A7FECF}.Release|Any CPU.ActiveCfg = Release|Any CPU
		{6E1E6C15-41E1-4AF7-AA73-B88A86A7FECF}.Release|Any CPU.Build.0 = Release|Any CPU
	EndGlobalSection
	GlobalSection(SolutionProperties) = preSolution
		HideSolutionNode = FALSE
	EndGlobalSection
	GlobalSection(ExtensibilityGlobals) = postSolution
		SolutionGuid = {026A561E-633A-4AFE-A778-5B66ECD99AE3}
	EndGlobalSection
EndGlobal
